// !$*UTF8*$!
{
	archiveVersion = 1;
	classes = {
	};
	objectVersion = 51;
	objects = {

/* Begin PBXBuildFile section */
		200DA3792975CEA4004B037A /* RAWGModel.swift in Sources */ = {isa = PBXBuildFile; fileRef = 200DA3782975CEA4004B037A /* RAWGModel.swift */; };
		200DA37D2975D64C004B037A /* InternetManager.swift in Sources */ = {isa = PBXBuildFile; fileRef = 200DA37C2975D64C004B037A /* InternetManager.swift */; };
		200DA3832975E007004B037A /* GameListModel.swift in Sources */ = {isa = PBXBuildFile; fileRef = 202CC5E3297489C0003990A4 /* GameListModel.swift */; };
		200DA3862975E776004B037A /* GameListCellModel.swift in Sources */ = {isa = PBXBuildFile; fileRef = 200DA3852975E776004B037A /* GameListCellModel.swift */; };
		201AACE929781FF8008A2231 /* DetailModel.swift in Sources */ = {isa = PBXBuildFile; fileRef = 201AACE829781FF8008A2231 /* DetailModel.swift */; };
		201AACEE29782030008A2231 /* DetailViewModel.swift in Sources */ = {isa = PBXBuildFile; fileRef = 201AACED29782030008A2231 /* DetailViewModel.swift */; };
		201AACF12978203D008A2231 /* DetailViewController.swift in Sources */ = {isa = PBXBuildFile; fileRef = 201AACF02978203D008A2231 /* DetailViewController.swift */; };
		201AACF82978B43D008A2231 /* DetailPageModel.swift in Sources */ = {isa = PBXBuildFile; fileRef = 201AACF72978B43D008A2231 /* DetailPageModel.swift */; };
		202CC5BC2972F87D003990A4 /* AppDelegate.swift in Sources */ = {isa = PBXBuildFile; fileRef = 202CC5BB2972F87D003990A4 /* AppDelegate.swift */; };
		202CC5BE2972F87D003990A4 /* SceneDelegate.swift in Sources */ = {isa = PBXBuildFile; fileRef = 202CC5BD2972F87D003990A4 /* SceneDelegate.swift */; };
		202CC5C02972F87D003990A4 /* GameListViewController.swift in Sources */ = {isa = PBXBuildFile; fileRef = 202CC5BF2972F87D003990A4 /* GameListViewController.swift */; };
		202CC5C32972F87D003990A4 /* Main.storyboard in Resources */ = {isa = PBXBuildFile; fileRef = 202CC5C12972F87D003990A4 /* Main.storyboard */; };
		202CC5C62972F87D003990A4 /* GameBox.xcdatamodeld in Sources */ = {isa = PBXBuildFile; fileRef = 202CC5C42972F87D003990A4 /* GameBox.xcdatamodeld */; };
		202CC5C82972F883003990A4 /* Assets.xcassets in Resources */ = {isa = PBXBuildFile; fileRef = 202CC5C72972F883003990A4 /* Assets.xcassets */; };
		202CC5CB2972F883003990A4 /* LaunchScreen.storyboard in Resources */ = {isa = PBXBuildFile; fileRef = 202CC5C92972F883003990A4 /* LaunchScreen.storyboard */; };
		202CC5E1297488E8003990A4 /* GameListViewModel.swift in Sources */ = {isa = PBXBuildFile; fileRef = 202CC5E0297488E8003990A4 /* GameListViewModel.swift */; };
		202CC5E729749915003990A4 /* GameListVCHelper.swift in Sources */ = {isa = PBXBuildFile; fileRef = 202CC5E629749915003990A4 /* GameListVCHelper.swift */; };
		202CC5EC2974A112003990A4 /* GameListCell.swift in Sources */ = {isa = PBXBuildFile; fileRef = 202CC5EA2974A112003990A4 /* GameListCell.swift */; };
		202CC5ED2974A112003990A4 /* GameListCell.xib in Resources */ = {isa = PBXBuildFile; fileRef = 202CC5EB2974A112003990A4 /* GameListCell.xib */; };
		203139E829793B2600481803 /* UIViewController+extension.swift in Sources */ = {isa = PBXBuildFile; fileRef = 203139E729793B2600481803 /* UIViewController+extension.swift */; };
		203139F12979E4F600481803 /* FavoriteViewController.swift in Sources */ = {isa = PBXBuildFile; fileRef = 203139F02979E4F600481803 /* FavoriteViewController.swift */; };
		203139F8297B1E7100481803 /* DetailCacheModel.swift in Sources */ = {isa = PBXBuildFile; fileRef = 203139F4297B1DD200481803 /* DetailCacheModel.swift */; };
		203139FC297B3CE500481803 /* DetailCommonModel.swift in Sources */ = {isa = PBXBuildFile; fileRef = 203139FB297B3CE500481803 /* DetailCommonModel.swift */; };
		20313A05297BCA9A00481803 /* FavoriteViewModel.swift in Sources */ = {isa = PBXBuildFile; fileRef = 20313A04297BCA9A00481803 /* FavoriteViewModel.swift */; };
		20313A08297BCB3B00481803 /* FavoriteVCHelper.swift in Sources */ = {isa = PBXBuildFile; fileRef = 20313A07297BCB3B00481803 /* FavoriteVCHelper.swift */; };
		20313A0B297BD62A00481803 /* FavoriteModel.swift in Sources */ = {isa = PBXBuildFile; fileRef = 20313A01297BCA8C00481803 /* FavoriteModel.swift */; };
		20DEB085297C321A002F7140 /* SecretKeys.swift in Sources */ = {isa = PBXBuildFile; fileRef = 20DEB084297C321A002F7140 /* SecretKeys.swift */; };
		20DEB08D297C9718002F7140 /* NoteCell.swift in Sources */ = {isa = PBXBuildFile; fileRef = 20DEB08B297C9718002F7140 /* NoteCell.swift */; };
		20DEB08E297C9718002F7140 /* NoteCell.xib in Resources */ = {isa = PBXBuildFile; fileRef = 20DEB08C297C9718002F7140 /* NoteCell.xib */; };
		20DEB094297C9AB5002F7140 /* NoteCellModel.swift in Sources */ = {isa = PBXBuildFile; fileRef = 20DEB093297C9AB5002F7140 /* NoteCellModel.swift */; };
		20DEB098297C9B68002F7140 /* NoteViewModel.swift in Sources */ = {isa = PBXBuildFile; fileRef = 20DEB097297C9B68002F7140 /* NoteViewModel.swift */; };
		20DEB09F297C9CCD002F7140 /* NoteViewController.swift in Sources */ = {isa = PBXBuildFile; fileRef = 203139EC2979E48000481803 /* NoteViewController.swift */; };
		20DEB0A2297C9D3D002F7140 /* NoteVCHelper.swift in Sources */ = {isa = PBXBuildFile; fileRef = 20DEB0A1297C9D3D002F7140 /* NoteVCHelper.swift */; };
		20DEB0A5297CA3A9002F7140 /* NoteModel.swift in Sources */ = {isa = PBXBuildFile; fileRef = 20DEB09A297C9B77002F7140 /* NoteModel.swift */; };
		20F11DD5297CAE1200C82131 /* NoteDetailViewController.swift in Sources */ = {isa = PBXBuildFile; fileRef = 20F11DD4297CAE1200C82131 /* NoteDetailViewController.swift */; };
		20F11DDA297CAE8500C82131 /* NoteDetailViewModel.swift in Sources */ = {isa = PBXBuildFile; fileRef = 20F11DD9297CAE8500C82131 /* NoteDetailViewModel.swift */; };
		20F11DDF297CAE9A00C82131 /* NoteDetailModel.swift in Sources */ = {isa = PBXBuildFile; fileRef = 20F11DDE297CAE9A00C82131 /* NoteDetailModel.swift */; };
		98E49BB4426221342DC5C5FA /* Pods_GameBox.framework in Frameworks */ = {isa = PBXBuildFile; fileRef = 647F0983EB442ABBCB3D24C7 /* Pods_GameBox.framework */; };
/* End PBXBuildFile section */

/* Begin PBXFileReference section */
		200DA3782975CEA4004B037A /* RAWGModel.swift */ = {isa = PBXFileReference; lastKnownFileType = sourcecode.swift; path = RAWGModel.swift; sourceTree = "<group>"; };
		200DA37C2975D64C004B037A /* InternetManager.swift */ = {isa = PBXFileReference; lastKnownFileType = sourcecode.swift; path = InternetManager.swift; sourceTree = "<group>"; };
		200DA3852975E776004B037A /* GameListCellModel.swift */ = {isa = PBXFileReference; lastKnownFileType = sourcecode.swift; path = GameListCellModel.swift; sourceTree = "<group>"; };
		201AACE829781FF8008A2231 /* DetailModel.swift */ = {isa = PBXFileReference; lastKnownFileType = sourcecode.swift; path = DetailModel.swift; sourceTree = "<group>"; };
		201AACED29782030008A2231 /* DetailViewModel.swift */ = {isa = PBXFileReference; lastKnownFileType = sourcecode.swift; path = DetailViewModel.swift; sourceTree = "<group>"; };
		201AACF02978203D008A2231 /* DetailViewController.swift */ = {isa = PBXFileReference; lastKnownFileType = sourcecode.swift; path = DetailViewController.swift; sourceTree = "<group>"; };
		201AACF72978B43D008A2231 /* DetailPageModel.swift */ = {isa = PBXFileReference; lastKnownFileType = sourcecode.swift; path = DetailPageModel.swift; sourceTree = "<group>"; };
		202CC5B82972F87D003990A4 /* GameBox.app */ = {isa = PBXFileReference; explicitFileType = wrapper.application; includeInIndex = 0; path = GameBox.app; sourceTree = BUILT_PRODUCTS_DIR; };
		202CC5BB2972F87D003990A4 /* AppDelegate.swift */ = {isa = PBXFileReference; lastKnownFileType = sourcecode.swift; path = AppDelegate.swift; sourceTree = "<group>"; };
		202CC5BD2972F87D003990A4 /* SceneDelegate.swift */ = {isa = PBXFileReference; lastKnownFileType = sourcecode.swift; path = SceneDelegate.swift; sourceTree = "<group>"; };
		202CC5BF2972F87D003990A4 /* GameListViewController.swift */ = {isa = PBXFileReference; lastKnownFileType = sourcecode.swift; path = GameListViewController.swift; sourceTree = "<group>"; };
		202CC5C22972F87D003990A4 /* Base */ = {isa = PBXFileReference; lastKnownFileType = file.storyboard; name = Base; path = Base.lproj/Main.storyboard; sourceTree = "<group>"; };
		202CC5C52972F87D003990A4 /* GameBox.xcdatamodel */ = {isa = PBXFileReference; lastKnownFileType = wrapper.xcdatamodel; path = GameBox.xcdatamodel; sourceTree = "<group>"; };
		202CC5C72972F883003990A4 /* Assets.xcassets */ = {isa = PBXFileReference; lastKnownFileType = folder.assetcatalog; path = Assets.xcassets; sourceTree = "<group>"; };
		202CC5CA2972F883003990A4 /* Base */ = {isa = PBXFileReference; lastKnownFileType = file.storyboard; name = Base; path = Base.lproj/LaunchScreen.storyboard; sourceTree = "<group>"; };
		202CC5CC2972F883003990A4 /* Info.plist */ = {isa = PBXFileReference; lastKnownFileType = text.plist.xml; path = Info.plist; sourceTree = "<group>"; };
		202CC5E0297488E8003990A4 /* GameListViewModel.swift */ = {isa = PBXFileReference; lastKnownFileType = sourcecode.swift; path = GameListViewModel.swift; sourceTree = "<group>"; };
		202CC5E3297489C0003990A4 /* GameListModel.swift */ = {isa = PBXFileReference; lastKnownFileType = sourcecode.swift; path = GameListModel.swift; sourceTree = "<group>"; };
		202CC5E629749915003990A4 /* GameListVCHelper.swift */ = {isa = PBXFileReference; lastKnownFileType = sourcecode.swift; path = GameListVCHelper.swift; sourceTree = "<group>"; };
		202CC5EA2974A112003990A4 /* GameListCell.swift */ = {isa = PBXFileReference; lastKnownFileType = sourcecode.swift; path = GameListCell.swift; sourceTree = "<group>"; };
		202CC5EB2974A112003990A4 /* GameListCell.xib */ = {isa = PBXFileReference; lastKnownFileType = file.xib; path = GameListCell.xib; sourceTree = "<group>"; };
		203139E729793B2600481803 /* UIViewController+extension.swift */ = {isa = PBXFileReference; lastKnownFileType = sourcecode.swift; path = "UIViewController+extension.swift"; sourceTree = "<group>"; };
		203139EC2979E48000481803 /* NoteViewController.swift */ = {isa = PBXFileReference; lastKnownFileType = sourcecode.swift; path = NoteViewController.swift; sourceTree = "<group>"; };
		203139F02979E4F600481803 /* FavoriteViewController.swift */ = {isa = PBXFileReference; lastKnownFileType = sourcecode.swift; path = FavoriteViewController.swift; sourceTree = "<group>"; };
		203139F4297B1DD200481803 /* DetailCacheModel.swift */ = {isa = PBXFileReference; lastKnownFileType = sourcecode.swift; path = DetailCacheModel.swift; sourceTree = "<group>"; };
		203139FB297B3CE500481803 /* DetailCommonModel.swift */ = {isa = PBXFileReference; lastKnownFileType = sourcecode.swift; path = DetailCommonModel.swift; sourceTree = "<group>"; };
		20313A01297BCA8C00481803 /* FavoriteModel.swift */ = {isa = PBXFileReference; lastKnownFileType = sourcecode.swift; path = FavoriteModel.swift; sourceTree = "<group>"; };
		20313A04297BCA9A00481803 /* FavoriteViewModel.swift */ = {isa = PBXFileReference; lastKnownFileType = sourcecode.swift; path = FavoriteViewModel.swift; sourceTree = "<group>"; };
		20313A07297BCB3B00481803 /* FavoriteVCHelper.swift */ = {isa = PBXFileReference; lastKnownFileType = sourcecode.swift; path = FavoriteVCHelper.swift; sourceTree = "<group>"; };
		20DEB084297C321A002F7140 /* SecretKeys.swift */ = {isa = PBXFileReference; lastKnownFileType = sourcecode.swift; path = SecretKeys.swift; sourceTree = "<group>"; };
		20DEB08B297C9718002F7140 /* NoteCell.swift */ = {isa = PBXFileReference; lastKnownFileType = sourcecode.swift; path = NoteCell.swift; sourceTree = "<group>"; };
		20DEB08C297C9718002F7140 /* NoteCell.xib */ = {isa = PBXFileReference; lastKnownFileType = file.xib; path = NoteCell.xib; sourceTree = "<group>"; };
		20DEB093297C9AB5002F7140 /* NoteCellModel.swift */ = {isa = PBXFileReference; lastKnownFileType = sourcecode.swift; path = NoteCellModel.swift; sourceTree = "<group>"; };
		20DEB097297C9B68002F7140 /* NoteViewModel.swift */ = {isa = PBXFileReference; lastKnownFileType = sourcecode.swift; path = NoteViewModel.swift; sourceTree = "<group>"; };
		20DEB09A297C9B77002F7140 /* NoteModel.swift */ = {isa = PBXFileReference; lastKnownFileType = sourcecode.swift; path = NoteModel.swift; sourceTree = "<group>"; };
		20DEB0A1297C9D3D002F7140 /* NoteVCHelper.swift */ = {isa = PBXFileReference; lastKnownFileType = sourcecode.swift; path = NoteVCHelper.swift; sourceTree = "<group>"; };
		20F11DD4297CAE1200C82131 /* NoteDetailViewController.swift */ = {isa = PBXFileReference; lastKnownFileType = sourcecode.swift; path = NoteDetailViewController.swift; sourceTree = "<group>"; };
		20F11DD9297CAE8500C82131 /* NoteDetailViewModel.swift */ = {isa = PBXFileReference; lastKnownFileType = sourcecode.swift; path = NoteDetailViewModel.swift; sourceTree = "<group>"; };
		20F11DDE297CAE9A00C82131 /* NoteDetailModel.swift */ = {isa = PBXFileReference; lastKnownFileType = sourcecode.swift; path = NoteDetailModel.swift; sourceTree = "<group>"; };
		4A3115F9C7B8739A135EEF80 /* Pods-GameBox.debug.xcconfig */ = {isa = PBXFileReference; includeInIndex = 1; lastKnownFileType = text.xcconfig; name = "Pods-GameBox.debug.xcconfig"; path = "Target Support Files/Pods-GameBox/Pods-GameBox.debug.xcconfig"; sourceTree = "<group>"; };
		647F0983EB442ABBCB3D24C7 /* Pods_GameBox.framework */ = {isa = PBXFileReference; explicitFileType = wrapper.framework; includeInIndex = 0; path = Pods_GameBox.framework; sourceTree = BUILT_PRODUCTS_DIR; };
		EED2EBAB5D523B1BE4C1BE47 /* Pods-GameBox.release.xcconfig */ = {isa = PBXFileReference; includeInIndex = 1; lastKnownFileType = text.xcconfig; name = "Pods-GameBox.release.xcconfig"; path = "Target Support Files/Pods-GameBox/Pods-GameBox.release.xcconfig"; sourceTree = "<group>"; };
/* End PBXFileReference section */

/* Begin PBXFrameworksBuildPhase section */
		202CC5B52972F87D003990A4 /* Frameworks */ = {
			isa = PBXFrameworksBuildPhase;
			buildActionMask = 2147483647;
			files = (
				98E49BB4426221342DC5C5FA /* Pods_GameBox.framework in Frameworks */,
			);
			runOnlyForDeploymentPostprocessing = 0;
		};
/* End PBXFrameworksBuildPhase section */

/* Begin PBXGroup section */
		201AACEB29781FFC008A2231 /* Detail */ = {
			isa = PBXGroup;
			children = (
				201AACE829781FF8008A2231 /* DetailModel.swift */,
				201AACED29782030008A2231 /* DetailViewModel.swift */,
				201AACF02978203D008A2231 /* DetailViewController.swift */,
			);
			path = Detail;
			sourceTree = "<group>";
		};
		202CC5AF2972F87D003990A4 = {
			isa = PBXGroup;
			children = (
				202CC5BA2972F87D003990A4 /* GameBox */,
				202CC5B92972F87D003990A4 /* Products */,
				2EA2E9100C5D0574EF20D844 /* Pods */,
				47E5294F0689BE13C61E6098 /* Frameworks */,
			);
			sourceTree = "<group>";
		};
		202CC5B92972F87D003990A4 /* Products */ = {
			isa = PBXGroup;
			children = (
				202CC5B82972F87D003990A4 /* GameBox.app */,
			);
			name = Products;
			sourceTree = "<group>";
		};
		202CC5BA2972F87D003990A4 /* GameBox */ = {
			isa = PBXGroup;
			children = (
				202CC5D32972F952003990A4 /* App */,
				202CC5EF2974A130003990A4 /* Managers */,
				202CC5D42972F95A003990A4 /* LocalNotification */,
				202CC5D72972F9A0003990A4 /* Services */,
				202CC5D62972F98C003990A4 /* CoreData */,
				202CC5D52972F985003990A4 /* Modules */,
				202CC5C12972F87D003990A4 /* Main.storyboard */,
			);
			path = GameBox;
			sourceTree = "<group>";
		};
		202CC5D32972F952003990A4 /* App */ = {
			isa = PBXGroup;
			children = (
				202CC5C92972F883003990A4 /* LaunchScreen.storyboard */,
				202CC5BB2972F87D003990A4 /* AppDelegate.swift */,
				202CC5BD2972F87D003990A4 /* SceneDelegate.swift */,
				202CC5C72972F883003990A4 /* Assets.xcassets */,
				202CC5CC2972F883003990A4 /* Info.plist */,
			);
			path = App;
			sourceTree = "<group>";
		};
		202CC5D42972F95A003990A4 /* LocalNotification */ = {
			isa = PBXGroup;
			children = (
			);
			path = LocalNotification;
			sourceTree = "<group>";
		};
		202CC5D52972F985003990A4 /* Modules */ = {
			isa = PBXGroup;
			children = (
				20F11DD7297CAE3800C82131 /* NoteDetail */,
				203139EB2979E47400481803 /* Note */,
				203139EA2979E45700481803 /* Favorite */,
				202CC5DB2974594F003990A4 /* GameList */,
				201AACEB29781FFC008A2231 /* Detail */,
			);
			path = Modules;
			sourceTree = "<group>";
		};
		202CC5D62972F98C003990A4 /* CoreData */ = {
			isa = PBXGroup;
			children = (
				202CC5C42972F87D003990A4 /* GameBox.xcdatamodeld */,
			);
			path = CoreData;
			sourceTree = "<group>";
		};
		202CC5D72972F9A0003990A4 /* Services */ = {
			isa = PBXGroup;
			children = (
				200DA3782975CEA4004B037A /* RAWGModel.swift */,
				201AACF72978B43D008A2231 /* DetailPageModel.swift */,
				200DA3852975E776004B037A /* GameListCellModel.swift */,
				203139F4297B1DD200481803 /* DetailCacheModel.swift */,
				203139FB297B3CE500481803 /* DetailCommonModel.swift */,
				20DEB084297C321A002F7140 /* SecretKeys.swift */,
				20DEB093297C9AB5002F7140 /* NoteCellModel.swift */,
			);
			path = Services;
			sourceTree = "<group>";
		};
		202CC5DB2974594F003990A4 /* GameList */ = {
			isa = PBXGroup;
			children = (
				202CC5E3297489C0003990A4 /* GameListModel.swift */,
				202CC5E0297488E8003990A4 /* GameListViewModel.swift */,
				202CC5BF2972F87D003990A4 /* GameListViewController.swift */,
				202CC5E629749915003990A4 /* GameListVCHelper.swift */,
				202CC5EA2974A112003990A4 /* GameListCell.swift */,
				202CC5EB2974A112003990A4 /* GameListCell.xib */,
			);
			path = GameList;
			sourceTree = "<group>";
		};
		202CC5EF2974A130003990A4 /* Managers */ = {
			isa = PBXGroup;
			children = (
				200DA37C2975D64C004B037A /* InternetManager.swift */,
				203139E729793B2600481803 /* UIViewController+extension.swift */,
			);
			path = Managers;
			sourceTree = "<group>";
		};
		203139EA2979E45700481803 /* Favorite */ = {
			isa = PBXGroup;
			children = (
				20313A01297BCA8C00481803 /* FavoriteModel.swift */,
				20313A04297BCA9A00481803 /* FavoriteViewModel.swift */,
				203139F02979E4F600481803 /* FavoriteViewController.swift */,
				20313A07297BCB3B00481803 /* FavoriteVCHelper.swift */,
			);
			path = Favorite;
			sourceTree = "<group>";
		};
		203139EB2979E47400481803 /* Note */ = {
			isa = PBXGroup;
			children = (
				20DEB09A297C9B77002F7140 /* NoteModel.swift */,
				20DEB097297C9B68002F7140 /* NoteViewModel.swift */,
				203139EC2979E48000481803 /* NoteViewController.swift */,
				20DEB08B297C9718002F7140 /* NoteCell.swift */,
				20DEB08C297C9718002F7140 /* NoteCell.xib */,
				20DEB0A1297C9D3D002F7140 /* NoteVCHelper.swift */,
			);
			path = Note;
			sourceTree = "<group>";
		};
		20F11DD7297CAE3800C82131 /* NoteDetail */ = {
			isa = PBXGroup;
			children = (
				20F11DDE297CAE9A00C82131 /* NoteDetailModel.swift */,
				20F11DD9297CAE8500C82131 /* NoteDetailViewModel.swift */,
				20F11DD4297CAE1200C82131 /* NoteDetailViewController.swift */,
			);
			path = NoteDetail;
			sourceTree = "<group>";
		};
		2EA2E9100C5D0574EF20D844 /* Pods */ = {
			isa = PBXGroup;
			children = (
				4A3115F9C7B8739A135EEF80 /* Pods-GameBox.debug.xcconfig */,
				EED2EBAB5D523B1BE4C1BE47 /* Pods-GameBox.release.xcconfig */,
			);
			path = Pods;
			sourceTree = "<group>";
		};
		47E5294F0689BE13C61E6098 /* Frameworks */ = {
			isa = PBXGroup;
			children = (
				647F0983EB442ABBCB3D24C7 /* Pods_GameBox.framework */,
			);
			name = Frameworks;
			sourceTree = "<group>";
		};
/* End PBXGroup section */

/* Begin PBXNativeTarget section */
		202CC5B72972F87D003990A4 /* GameBox */ = {
			isa = PBXNativeTarget;
			buildConfigurationList = 202CC5CF2972F883003990A4 /* Build configuration list for PBXNativeTarget "GameBox" */;
			buildPhases = (
				D8301A64106670DA161C2823 /* [CP] Check Pods Manifest.lock */,
				202CC5B42972F87D003990A4 /* Sources */,
				202CC5B52972F87D003990A4 /* Frameworks */,
				202CC5B62972F87D003990A4 /* Resources */,
				C8003EE92B7227F99534B3C5 /* [CP] Embed Pods Frameworks */,
			);
			buildRules = (
			);
			dependencies = (
			);
			name = GameBox;
			productName = GameBox;
			productReference = 202CC5B82972F87D003990A4 /* GameBox.app */;
			productType = "com.apple.product-type.application";
		};
/* End PBXNativeTarget section */

/* Begin PBXProject section */
		202CC5B02972F87D003990A4 /* Project object */ = {
			isa = PBXProject;
			attributes = {
				LastSwiftUpdateCheck = 1240;
				LastUpgradeCheck = 1240;
				TargetAttributes = {
					202CC5B72972F87D003990A4 = {
						CreatedOnToolsVersion = 12.4;
					};
				};
			};
			buildConfigurationList = 202CC5B32972F87D003990A4 /* Build configuration list for PBXProject "GameBox" */;
			compatibilityVersion = "Xcode 9.3";
			developmentRegion = en;
			hasScannedForEncodings = 0;
			knownRegions = (
				en,
				Base,
			);
			mainGroup = 202CC5AF2972F87D003990A4;
			productRefGroup = 202CC5B92972F87D003990A4 /* Products */;
			projectDirPath = "";
			projectRoot = "";
			targets = (
				202CC5B72972F87D003990A4 /* GameBox */,
			);
		};
/* End PBXProject section */

/* Begin PBXResourcesBuildPhase section */
		202CC5B62972F87D003990A4 /* Resources */ = {
			isa = PBXResourcesBuildPhase;
			buildActionMask = 2147483647;
			files = (
				20DEB08E297C9718002F7140 /* NoteCell.xib in Resources */,
				202CC5CB2972F883003990A4 /* LaunchScreen.storyboard in Resources */,
				202CC5C82972F883003990A4 /* Assets.xcassets in Resources */,
				202CC5C32972F87D003990A4 /* Main.storyboard in Resources */,
				202CC5ED2974A112003990A4 /* GameListCell.xib in Resources */,
			);
			runOnlyForDeploymentPostprocessing = 0;
		};
/* End PBXResourcesBuildPhase section */

/* Begin PBXShellScriptBuildPhase section */
		C8003EE92B7227F99534B3C5 /* [CP] Embed Pods Frameworks */ = {
			isa = PBXShellScriptBuildPhase;
			buildActionMask = 2147483647;
			files = (
			);
			inputFileListPaths = (
				"${PODS_ROOT}/Target Support Files/Pods-GameBox/Pods-GameBox-frameworks-${CONFIGURATION}-input-files.xcfilelist",
			);
			name = "[CP] Embed Pods Frameworks";
			outputFileListPaths = (
				"${PODS_ROOT}/Target Support Files/Pods-GameBox/Pods-GameBox-frameworks-${CONFIGURATION}-output-files.xcfilelist",
			);
			runOnlyForDeploymentPostprocessing = 0;
			shellPath = /bin/sh;
			shellScript = "\"${PODS_ROOT}/Target Support Files/Pods-GameBox/Pods-GameBox-frameworks.sh\"\n";
			showEnvVarsInLog = 0;
		};
		D8301A64106670DA161C2823 /* [CP] Check Pods Manifest.lock */ = {
			isa = PBXShellScriptBuildPhase;
			buildActionMask = 2147483647;
			files = (
			);
			inputFileListPaths = (
			);
			inputPaths = (
				"${PODS_PODFILE_DIR_PATH}/Podfile.lock",
				"${PODS_ROOT}/Manifest.lock",
			);
			name = "[CP] Check Pods Manifest.lock";
			outputFileListPaths = (
			);
			outputPaths = (
				"$(DERIVED_FILE_DIR)/Pods-GameBox-checkManifestLockResult.txt",
			);
			runOnlyForDeploymentPostprocessing = 0;
			shellPath = /bin/sh;
			shellScript = "diff \"${PODS_PODFILE_DIR_PATH}/Podfile.lock\" \"${PODS_ROOT}/Manifest.lock\" > /dev/null\nif [ $? != 0 ] ; then\n    # print error to STDERR\n    echo \"error: The sandbox is not in sync with the Podfile.lock. Run 'pod install' or update your CocoaPods installation.\" >&2\n    exit 1\nfi\n# This output is used by Xcode 'outputs' to avoid re-running this script phase.\necho \"SUCCESS\" > \"${SCRIPT_OUTPUT_FILE_0}\"\n";
			showEnvVarsInLog = 0;
		};
/* End PBXShellScriptBuildPhase section */

/* Begin PBXSourcesBuildPhase section */
		202CC5B42972F87D003990A4 /* Sources */ = {
			isa = PBXSourcesBuildPhase;
			buildActionMask = 2147483647;
			files = (
				20DEB09F297C9CCD002F7140 /* NoteViewController.swift in Sources */,
				203139E829793B2600481803 /* UIViewController+extension.swift in Sources */,
				20F11DDA297CAE8500C82131 /* NoteDetailViewModel.swift in Sources */,
				20313A08297BCB3B00481803 /* FavoriteVCHelper.swift in Sources */,
				201AACE929781FF8008A2231 /* DetailModel.swift in Sources */,
				202CC5E1297488E8003990A4 /* GameListViewModel.swift in Sources */,
				20DEB0A2297C9D3D002F7140 /* NoteVCHelper.swift in Sources */,
				20313A0B297BD62A00481803 /* FavoriteModel.swift in Sources */,
				20DEB085297C321A002F7140 /* SecretKeys.swift in Sources */,
				200DA3832975E007004B037A /* GameListModel.swift in Sources */,
				20F11DDF297CAE9A00C82131 /* NoteDetailModel.swift in Sources */,
				203139F12979E4F600481803 /* FavoriteViewController.swift in Sources */,
				203139F8297B1E7100481803 /* DetailCacheModel.swift in Sources */,
				202CC5E729749915003990A4 /* GameListVCHelper.swift in Sources */,
				202CC5C02972F87D003990A4 /* GameListViewController.swift in Sources */,
				200DA3792975CEA4004B037A /* RAWGModel.swift in Sources */,
				20313A05297BCA9A00481803 /* FavoriteViewModel.swift in Sources */,
				201AACF82978B43D008A2231 /* DetailPageModel.swift in Sources */,
				200DA3862975E776004B037A /* GameListCellModel.swift in Sources */,
				20F11DD5297CAE1200C82131 /* NoteDetailViewController.swift in Sources */,
				202CC5EC2974A112003990A4 /* GameListCell.swift in Sources */,
				202CC5BC2972F87D003990A4 /* AppDelegate.swift in Sources */,
				201AACEE29782030008A2231 /* DetailViewModel.swift in Sources */,
				202CC5BE2972F87D003990A4 /* SceneDelegate.swift in Sources */,
				20DEB098297C9B68002F7140 /* NoteViewModel.swift in Sources */,
				200DA37D2975D64C004B037A /* InternetManager.swift in Sources */,
				202CC5C62972F87D003990A4 /* GameBox.xcdatamodeld in Sources */,
				20DEB08D297C9718002F7140 /* NoteCell.swift in Sources */,
				20DEB0A5297CA3A9002F7140 /* NoteModel.swift in Sources */,
				20DEB094297C9AB5002F7140 /* NoteCellModel.swift in Sources */,
				201AACF12978203D008A2231 /* DetailViewController.swift in Sources */,
				203139FC297B3CE500481803 /* DetailCommonModel.swift in Sources */,
			);
			runOnlyForDeploymentPostprocessing = 0;
		};
/* End PBXSourcesBuildPhase section */

/* Begin PBXVariantGroup section */
		202CC5C12972F87D003990A4 /* Main.storyboard */ = {
			isa = PBXVariantGroup;
			children = (
				202CC5C22972F87D003990A4 /* Base */,
			);
			name = Main.storyboard;
			sourceTree = "<group>";
		};
		202CC5C92972F883003990A4 /* LaunchScreen.storyboard */ = {
			isa = PBXVariantGroup;
			children = (
				202CC5CA2972F883003990A4 /* Base */,
			);
			name = LaunchScreen.storyboard;
			sourceTree = "<group>";
		};
/* End PBXVariantGroup section */

/* Begin XCBuildConfiguration section */
		202CC5CD2972F883003990A4 /* Debug */ = {
			isa = XCBuildConfiguration;
			buildSettings = {
				ALWAYS_SEARCH_USER_PATHS = NO;
				CLANG_ANALYZER_NONNULL = YES;
				CLANG_ANALYZER_NUMBER_OBJECT_CONVERSION = YES_AGGRESSIVE;
				CLANG_CXX_LANGUAGE_STANDARD = "gnu++14";
				CLANG_CXX_LIBRARY = "libc++";
				CLANG_ENABLE_MODULES = YES;
				CLANG_ENABLE_OBJC_ARC = YES;
				CLANG_ENABLE_OBJC_WEAK = YES;
				CLANG_WARN_BLOCK_CAPTURE_AUTORELEASING = YES;
				CLANG_WARN_BOOL_CONVERSION = YES;
				CLANG_WARN_COMMA = YES;
				CLANG_WARN_CONSTANT_CONVERSION = YES;
				CLANG_WARN_DEPRECATED_OBJC_IMPLEMENTATIONS = YES;
				CLANG_WARN_DIRECT_OBJC_ISA_USAGE = YES_ERROR;
				CLANG_WARN_DOCUMENTATION_COMMENTS = YES;
				CLANG_WARN_EMPTY_BODY = YES;
				CLANG_WARN_ENUM_CONVERSION = YES;
				CLANG_WARN_INFINITE_RECURSION = YES;
				CLANG_WARN_INT_CONVERSION = YES;
				CLANG_WARN_NON_LITERAL_NULL_CONVERSION = YES;
				CLANG_WARN_OBJC_IMPLICIT_RETAIN_SELF = YES;
				CLANG_WARN_OBJC_LITERAL_CONVERSION = YES;
				CLANG_WARN_OBJC_ROOT_CLASS = YES_ERROR;
				CLANG_WARN_QUOTED_INCLUDE_IN_FRAMEWORK_HEADER = YES;
				CLANG_WARN_RANGE_LOOP_ANALYSIS = YES;
				CLANG_WARN_STRICT_PROTOTYPES = YES;
				CLANG_WARN_SUSPICIOUS_MOVE = YES;
				CLANG_WARN_UNGUARDED_AVAILABILITY = YES_AGGRESSIVE;
				CLANG_WARN_UNREACHABLE_CODE = YES;
				CLANG_WARN__DUPLICATE_METHOD_MATCH = YES;
				COPY_PHASE_STRIP = NO;
				DEBUG_INFORMATION_FORMAT = dwarf;
				ENABLE_STRICT_OBJC_MSGSEND = YES;
				ENABLE_TESTABILITY = YES;
				GCC_C_LANGUAGE_STANDARD = gnu11;
				GCC_DYNAMIC_NO_PIC = NO;
				GCC_NO_COMMON_BLOCKS = YES;
				GCC_OPTIMIZATION_LEVEL = 0;
				GCC_PREPROCESSOR_DEFINITIONS = (
					"DEBUG=1",
					"$(inherited)",
				);
				GCC_WARN_64_TO_32_BIT_CONVERSION = YES;
				GCC_WARN_ABOUT_RETURN_TYPE = YES_ERROR;
				GCC_WARN_UNDECLARED_SELECTOR = YES;
				GCC_WARN_UNINITIALIZED_AUTOS = YES_AGGRESSIVE;
				GCC_WARN_UNUSED_FUNCTION = YES;
				GCC_WARN_UNUSED_VARIABLE = YES;
				IPHONEOS_DEPLOYMENT_TARGET = 14.4;
				MTL_ENABLE_DEBUG_INFO = INCLUDE_SOURCE;
				MTL_FAST_MATH = YES;
				ONLY_ACTIVE_ARCH = YES;
				SDKROOT = iphoneos;
				SWIFT_ACTIVE_COMPILATION_CONDITIONS = DEBUG;
				SWIFT_OPTIMIZATION_LEVEL = "-Onone";
			};
			name = Debug;
		};
		202CC5CE2972F883003990A4 /* Release */ = {
			isa = XCBuildConfiguration;
			buildSettings = {
				ALWAYS_SEARCH_USER_PATHS = NO;
				CLANG_ANALYZER_NONNULL = YES;
				CLANG_ANALYZER_NUMBER_OBJECT_CONVERSION = YES_AGGRESSIVE;
				CLANG_CXX_LANGUAGE_STANDARD = "gnu++14";
				CLANG_CXX_LIBRARY = "libc++";
				CLANG_ENABLE_MODULES = YES;
				CLANG_ENABLE_OBJC_ARC = YES;
				CLANG_ENABLE_OBJC_WEAK = YES;
				CLANG_WARN_BLOCK_CAPTURE_AUTORELEASING = YES;
				CLANG_WARN_BOOL_CONVERSION = YES;
				CLANG_WARN_COMMA = YES;
				CLANG_WARN_CONSTANT_CONVERSION = YES;
				CLANG_WARN_DEPRECATED_OBJC_IMPLEMENTATIONS = YES;
				CLANG_WARN_DIRECT_OBJC_ISA_USAGE = YES_ERROR;
				CLANG_WARN_DOCUMENTATION_COMMENTS = YES;
				CLANG_WARN_EMPTY_BODY = YES;
				CLANG_WARN_ENUM_CONVERSION = YES;
				CLANG_WARN_INFINITE_RECURSION = YES;
				CLANG_WARN_INT_CONVERSION = YES;
				CLANG_WARN_NON_LITERAL_NULL_CONVERSION = YES;
				CLANG_WARN_OBJC_IMPLICIT_RETAIN_SELF = YES;
				CLANG_WARN_OBJC_LITERAL_CONVERSION = YES;
				CLANG_WARN_OBJC_ROOT_CLASS = YES_ERROR;
				CLANG_WARN_QUOTED_INCLUDE_IN_FRAMEWORK_HEADER = YES;
				CLANG_WARN_RANGE_LOOP_ANALYSIS = YES;
				CLANG_WARN_STRICT_PROTOTYPES = YES;
				CLANG_WARN_SUSPICIOUS_MOVE = YES;
				CLANG_WARN_UNGUARDED_AVAILABILITY = YES_AGGRESSIVE;
				CLANG_WARN_UNREACHABLE_CODE = YES;
				CLANG_WARN__DUPLICATE_METHOD_MATCH = YES;
				COPY_PHASE_STRIP = NO;
				DEBUG_INFORMATION_FORMAT = "dwarf-with-dsym";
				ENABLE_NS_ASSERTIONS = NO;
				ENABLE_STRICT_OBJC_MSGSEND = YES;
				GCC_C_LANGUAGE_STANDARD = gnu11;
				GCC_NO_COMMON_BLOCKS = YES;
				GCC_WARN_64_TO_32_BIT_CONVERSION = YES;
				GCC_WARN_ABOUT_RETURN_TYPE = YES_ERROR;
				GCC_WARN_UNDECLARED_SELECTOR = YES;
				GCC_WARN_UNINITIALIZED_AUTOS = YES_AGGRESSIVE;
				GCC_WARN_UNUSED_FUNCTION = YES;
				GCC_WARN_UNUSED_VARIABLE = YES;
				IPHONEOS_DEPLOYMENT_TARGET = 14.4;
				MTL_ENABLE_DEBUG_INFO = NO;
				MTL_FAST_MATH = YES;
				SDKROOT = iphoneos;
				SWIFT_COMPILATION_MODE = wholemodule;
				SWIFT_OPTIMIZATION_LEVEL = "-O";
				VALIDATE_PRODUCT = YES;
			};
			name = Release;
		};
		202CC5D02972F883003990A4 /* Debug */ = {
			isa = XCBuildConfiguration;
			baseConfigurationReference = 4A3115F9C7B8739A135EEF80 /* Pods-GameBox.debug.xcconfig */;
			buildSettings = {
				ASSETCATALOG_COMPILER_APPICON_NAME = AppIcon;
				ASSETCATALOG_COMPILER_GLOBAL_ACCENT_COLOR_NAME = AccentColor;
				CODE_SIGN_STYLE = Automatic;
				DEVELOPMENT_TEAM = UKJZQD9WU4;
				INFOPLIST_FILE = GameBox/App/Info.plist;
				LD_RUNPATH_SEARCH_PATHS = (
					"$(inherited)",
					"@executable_path/Frameworks",
				);
				PRODUCT_BUNDLE_IDENTIFIER = com.halilibrahimandic.GameBox;
				PRODUCT_NAME = "$(TARGET_NAME)";
				SWIFT_VERSION = 5.0;
				TARGETED_DEVICE_FAMILY = "1,2";
			};
			name = Debug;
		};
		202CC5D12972F883003990A4 /* Release */ = {
			isa = XCBuildConfiguration;
			baseConfigurationReference = EED2EBAB5D523B1BE4C1BE47 /* Pods-GameBox.release.xcconfig */;
			buildSettings = {
				ASSETCATALOG_COMPILER_APPICON_NAME = AppIcon;
				ASSETCATALOG_COMPILER_GLOBAL_ACCENT_COLOR_NAME = AccentColor;
				CODE_SIGN_STYLE = Automatic;
				DEVELOPMENT_TEAM = UKJZQD9WU4;
				INFOPLIST_FILE = GameBox/App/Info.plist;
				LD_RUNPATH_SEARCH_PATHS = (
					"$(inherited)",
					"@executable_path/Frameworks",
				);
				PRODUCT_BUNDLE_IDENTIFIER = com.halilibrahimandic.GameBox;
				PRODUCT_NAME = "$(TARGET_NAME)";
				SWIFT_VERSION = 5.0;
				TARGETED_DEVICE_FAMILY = "1,2";
			};
			name = Release;
		};
/* End XCBuildConfiguration section */

/* Begin XCConfigurationList section */
		202CC5B32972F87D003990A4 /* Build configuration list for PBXProject "GameBox" */ = {
			isa = XCConfigurationList;
			buildConfigurations = (
				202CC5CD2972F883003990A4 /* Debug */,
				202CC5CE2972F883003990A4 /* Release */,
			);
			defaultConfigurationIsVisible = 0;
			defaultConfigurationName = Release;
		};
		202CC5CF2972F883003990A4 /* Build configuration list for PBXNativeTarget "GameBox" */ = {
			isa = XCConfigurationList;
			buildConfigurations = (
				202CC5D02972F883003990A4 /* Debug */,
				202CC5D12972F883003990A4 /* Release */,
			);
			defaultConfigurationIsVisible = 0;
			defaultConfigurationName = Release;
		};
/* End XCConfigurationList section */

/* Begin XCVersionGroup section */
		202CC5C42972F87D003990A4 /* GameBox.xcdatamodeld */ = {
			isa = XCVersionGroup;
			children = (
				202CC5C52972F87D003990A4 /* GameBox.xcdatamodel */,
			);
			currentVersion = 202CC5C52972F87D003990A4 /* GameBox.xcdatamodel */;
			path = GameBox.xcdatamodeld;
			sourceTree = "<group>";
			versionGroupType = wrapper.xcdatamodel;
		};
/* End XCVersionGroup section */
	};
	rootObject = 202CC5B02972F87D003990A4 /* Project object */;
}
