// !$*UTF8*$!
{
	archiveVersion = 1;
	classes = {
	};
	objectVersion = 50;
	objects = {

/* Begin PBXBuildFile section */
		202CC5BC2972F87D003990A4 /* AppDelegate.swift in Sources */ = {isa = PBXBuildFile; fileRef = 202CC5BB2972F87D003990A4 /* AppDelegate.swift */; };
		202CC5BE2972F87D003990A4 /* SceneDelegate.swift in Sources */ = {isa = PBXBuildFile; fileRef = 202CC5BD2972F87D003990A4 /* SceneDelegate.swift */; };
		202CC5C02972F87D003990A4 /* GameListViewController.swift in Sources */ = {isa = PBXBuildFile; fileRef = 202CC5BF2972F87D003990A4 /* GameListViewController.swift */; };
		202CC5C32972F87D003990A4 /* Main.storyboard in Resources */ = {isa = PBXBuildFile; fileRef = 202CC5C12972F87D003990A4 /* Main.storyboard */; };
		202CC5C62972F87D003990A4 /* GameBox.xcdatamodeld in Sources */ = {isa = PBXBuildFile; fileRef = 202CC5C42972F87D003990A4 /* GameBox.xcdatamodeld */; };
		202CC5C82972F883003990A4 /* Assets.xcassets in Resources */ = {isa = PBXBuildFile; fileRef = 202CC5C72972F883003990A4 /* Assets.xcassets */; };
		202CC5CB2972F883003990A4 /* LaunchScreen.storyboard in Resources */ = {isa = PBXBuildFile; fileRef = 202CC5C92972F883003990A4 /* LaunchScreen.storyboard */; };
		202CC5E1297488E8003990A4 /* GameListViewModel.swift in Sources */ = {isa = PBXBuildFile; fileRef = 202CC5E0297488E8003990A4 /* GameListViewModel.swift */; };
		202CC5E4297489C0003990A4 /* GameListModel.swift in Sources */ = {isa = PBXBuildFile; fileRef = 202CC5E3297489C0003990A4 /* GameListModel.swift */; };
/* End PBXBuildFile section */

/* Begin PBXFileReference section */
		202CC5B82972F87D003990A4 /* GameBox.app */ = {isa = PBXFileReference; explicitFileType = wrapper.application; includeInIndex = 0; path = GameBox.app; sourceTree = BUILT_PRODUCTS_DIR; };
		202CC5BB2972F87D003990A4 /* AppDelegate.swift */ = {isa = PBXFileReference; lastKnownFileType = sourcecode.swift; path = AppDelegate.swift; sourceTree = "<group>"; };
		202CC5BD2972F87D003990A4 /* SceneDelegate.swift */ = {isa = PBXFileReference; lastKnownFileType = sourcecode.swift; path = SceneDelegate.swift; sourceTree = "<group>"; };
		202CC5BF2972F87D003990A4 /* GameListViewController.swift */ = {isa = PBXFileReference; lastKnownFileType = sourcecode.swift; path = GameListViewController.swift; sourceTree = "<group>"; };
		202CC5C22972F87D003990A4 /* Base */ = {isa = PBXFileReference; lastKnownFileType = file.storyboard; name = Base; path = Base.lproj/Main.storyboard; sourceTree = "<group>"; };
		202CC5C52972F87D003990A4 /* GameBox.xcdatamodel */ = {isa = PBXFileReference; lastKnownFileType = wrapper.xcdatamodel; path = GameBox.xcdatamodel; sourceTree = "<group>"; };
		202CC5C72972F883003990A4 /* Assets.xcassets */ = {isa = PBXFileReference; lastKnownFileType = folder.assetcatalog; path = Assets.xcassets; sourceTree = "<group>"; };
		202CC5CA2972F883003990A4 /* Base */ = {isa = PBXFileReference; lastKnownFileType = file.storyboard; name = Base; path = Base.lproj/LaunchScreen.storyboard; sourceTree = "<group>"; };
		202CC5CC2972F883003990A4 /* Info.plist */ = {isa = PBXFileReference; lastKnownFileType = text.plist.xml; path = Info.plist; sourceTree = "<group>"; };
		202CC5E0297488E8003990A4 /* GameListViewModel.swift */ = {isa = PBXFileReference; lastKnownFileType = sourcecode.swift; path = GameListViewModel.swift; sourceTree = "<group>"; };
		202CC5E3297489C0003990A4 /* GameListModel.swift */ = {isa = PBXFileReference; lastKnownFileType = sourcecode.swift; path = GameListModel.swift; sourceTree = "<group>"; };
/* End PBXFileReference section */

/* Begin PBXFrameworksBuildPhase section */
		202CC5B52972F87D003990A4 /* Frameworks */ = {
			isa = PBXFrameworksBuildPhase;
			buildActionMask = 2147483647;
			files = (
			);
			runOnlyForDeploymentPostprocessing = 0;
		};
/* End PBXFrameworksBuildPhase section */

/* Begin PBXGroup section */
		202CC5AF2972F87D003990A4 = {
			isa = PBXGroup;
			children = (
				202CC5BA2972F87D003990A4 /* GameBox */,
				202CC5B92972F87D003990A4 /* Products */,
			);
			sourceTree = "<group>";
		};
		202CC5B92972F87D003990A4 /* Products */ = {
			isa = PBXGroup;
			children = (
				202CC5B82972F87D003990A4 /* GameBox.app */,
			);
			name = Products;
			sourceTree = "<group>";
		};
		202CC5BA2972F87D003990A4 /* GameBox */ = {
			isa = PBXGroup;
			children = (
				202CC5D32972F952003990A4 /* App */,
				202CC5D42972F95A003990A4 /* LocalNotification */,
				202CC5D72972F9A0003990A4 /* Model */,
				202CC5D62972F98C003990A4 /* CoreData */,
				202CC5D52972F985003990A4 /* Modules */,
				202CC5C12972F87D003990A4 /* Main.storyboard */,
			);
			path = GameBox;
			sourceTree = "<group>";
		};
		202CC5D32972F952003990A4 /* App */ = {
			isa = PBXGroup;
			children = (
				202CC5C92972F883003990A4 /* LaunchScreen.storyboard */,
				202CC5BB2972F87D003990A4 /* AppDelegate.swift */,
				202CC5BD2972F87D003990A4 /* SceneDelegate.swift */,
				202CC5C72972F883003990A4 /* Assets.xcassets */,
				202CC5CC2972F883003990A4 /* Info.plist */,
			);
			path = App;
			sourceTree = "<group>";
		};
		202CC5D42972F95A003990A4 /* LocalNotification */ = {
			isa = PBXGroup;
			children = (
			);
			path = LocalNotification;
			sourceTree = "<group>";
		};
		202CC5D52972F985003990A4 /* Modules */ = {
			isa = PBXGroup;
			children = (
				202CC5DB2974594F003990A4 /* GameList */,
			);
			path = Modules;
			sourceTree = "<group>";
		};
		202CC5D62972F98C003990A4 /* CoreData */ = {
			isa = PBXGroup;
			children = (
				202CC5C42972F87D003990A4 /* GameBox.xcdatamodeld */,
			);
			path = CoreData;
			sourceTree = "<group>";
		};
		202CC5D72972F9A0003990A4 /* Model */ = {
			isa = PBXGroup;
			children = (
			);
			path = Model;
			sourceTree = "<group>";
		};
		202CC5DB2974594F003990A4 /* GameList */ = {
			isa = PBXGroup;
			children = (
				202CC5BF2972F87D003990A4 /* GameListViewController.swift */,
				202CC5E0297488E8003990A4 /* GameListViewModel.swift */,
				202CC5E3297489C0003990A4 /* GameListModel.swift */,
			);
			path = GameList;
			sourceTree = "<group>";
		};
/* End PBXGroup section */

/* Begin PBXNativeTarget section */
		202CC5B72972F87D003990A4 /* GameBox */ = {
			isa = PBXNativeTarget;
			buildConfigurationList = 202CC5CF2972F883003990A4 /* Build configuration list for PBXNativeTarget "GameBox" */;
			buildPhases = (
				202CC5B42972F87D003990A4 /* Sources */,
				202CC5B52972F87D003990A4 /* Frameworks */,
				202CC5B62972F87D003990A4 /* Resources */,
			);
			buildRules = (
			);
			dependencies = (
			);
			name = GameBox;
			productName = GameBox;
			productReference = 202CC5B82972F87D003990A4 /* GameBox.app */;
			productType = "com.apple.product-type.application";
		};
/* End PBXNativeTarget section */

/* Begin PBXProject section */
		202CC5B02972F87D003990A4 /* Project object */ = {
			isa = PBXProject;
			attributes = {
				LastSwiftUpdateCheck = 1240;
				LastUpgradeCheck = 1240;
				TargetAttributes = {
					202CC5B72972F87D003990A4 = {
						CreatedOnToolsVersion = 12.4;
					};
				};
			};
			buildConfigurationList = 202CC5B32972F87D003990A4 /* Build configuration list for PBXProject "GameBox" */;
			compatibilityVersion = "Xcode 9.3";
			developmentRegion = en;
			hasScannedForEncodings = 0;
			knownRegions = (
				en,
				Base,
			);
			mainGroup = 202CC5AF2972F87D003990A4;
			productRefGroup = 202CC5B92972F87D003990A4 /* Products */;
			projectDirPath = "";
			projectRoot = "";
			targets = (
				202CC5B72972F87D003990A4 /* GameBox */,
			);
		};
/* End PBXProject section */

/* Begin PBXResourcesBuildPhase section */
		202CC5B62972F87D003990A4 /* Resources */ = {
			isa = PBXResourcesBuildPhase;
			buildActionMask = 2147483647;
			files = (
				202CC5CB2972F883003990A4 /* LaunchScreen.storyboard in Resources */,
				202CC5C82972F883003990A4 /* Assets.xcassets in Resources */,
				202CC5C32972F87D003990A4 /* Main.storyboard in Resources */,
			);
			runOnlyForDeploymentPostprocessing = 0;
		};
/* End PBXResourcesBuildPhase section */

/* Begin PBXSourcesBuildPhase section */
		202CC5B42972F87D003990A4 /* Sources */ = {
			isa = PBXSourcesBuildPhase;
			buildActionMask = 2147483647;
			files = (
				202CC5E1297488E8003990A4 /* GameListViewModel.swift in Sources */,
				202CC5C02972F87D003990A4 /* GameListViewController.swift in Sources */,
				202CC5BC2972F87D003990A4 /* AppDelegate.swift in Sources */,
				202CC5E4297489C0003990A4 /* GameListModel.swift in Sources */,
				202CC5BE2972F87D003990A4 /* SceneDelegate.swift in Sources */,
				202CC5C62972F87D003990A4 /* GameBox.xcdatamodeld in Sources */,
			);
			runOnlyForDeploymentPostprocessing = 0;
		};
/* End PBXSourcesBuildPhase section */

/* Begin PBXVariantGroup section */
		202CC5C12972F87D003990A4 /* Main.storyboard */ = {
			isa = PBXVariantGroup;
			children = (
				202CC5C22972F87D003990A4 /* Base */,
			);
			name = Main.storyboard;
			sourceTree = "<group>";
		};
		202CC5C92972F883003990A4 /* LaunchScreen.storyboard */ = {
			isa = PBXVariantGroup;
			children = (
				202CC5CA2972F883003990A4 /* Base */,
			);
			name = LaunchScreen.storyboard;
			sourceTree = "<group>";
		};
/* End PBXVariantGroup section */

/* Begin XCBuildConfiguration section */
		202CC5CD2972F883003990A4 /* Debug */ = {
			isa = XCBuildConfiguration;
			buildSettings = {
				ALWAYS_SEARCH_USER_PATHS = NO;
				CLANG_ANALYZER_NONNULL = YES;
				CLANG_ANALYZER_NUMBER_OBJECT_CONVERSION = YES_AGGRESSIVE;
				CLANG_CXX_LANGUAGE_STANDARD = "gnu++14";
				CLANG_CXX_LIBRARY = "libc++";
				CLANG_ENABLE_MODULES = YES;
				CLANG_ENABLE_OBJC_ARC = YES;
				CLANG_ENABLE_OBJC_WEAK = YES;
				CLANG_WARN_BLOCK_CAPTURE_AUTORELEASING = YES;
				CLANG_WARN_BOOL_CONVERSION = YES;
				CLANG_WARN_COMMA = YES;
				CLANG_WARN_CONSTANT_CONVERSION = YES;
				CLANG_WARN_DEPRECATED_OBJC_IMPLEMENTATIONS = YES;
				CLANG_WARN_DIRECT_OBJC_ISA_USAGE = YES_ERROR;
				CLANG_WARN_DOCUMENTATION_COMMENTS = YES;
				CLANG_WARN_EMPTY_BODY = YES;
				CLANG_WARN_ENUM_CONVERSION = YES;
				CLANG_WARN_INFINITE_RECURSION = YES;
				CLANG_WARN_INT_CONVERSION = YES;
				CLANG_WARN_NON_LITERAL_NULL_CONVERSION = YES;
				CLANG_WARN_OBJC_IMPLICIT_RETAIN_SELF = YES;
				CLANG_WARN_OBJC_LITERAL_CONVERSION = YES;
				CLANG_WARN_OBJC_ROOT_CLASS = YES_ERROR;
				CLANG_WARN_QUOTED_INCLUDE_IN_FRAMEWORK_HEADER = YES;
				CLANG_WARN_RANGE_LOOP_ANALYSIS = YES;
				CLANG_WARN_STRICT_PROTOTYPES = YES;
				CLANG_WARN_SUSPICIOUS_MOVE = YES;
				CLANG_WARN_UNGUARDED_AVAILABILITY = YES_AGGRESSIVE;
				CLANG_WARN_UNREACHABLE_CODE = YES;
				CLANG_WARN__DUPLICATE_METHOD_MATCH = YES;
				COPY_PHASE_STRIP = NO;
				DEBUG_INFORMATION_FORMAT = dwarf;
				ENABLE_STRICT_OBJC_MSGSEND = YES;
				ENABLE_TESTABILITY = YES;
				GCC_C_LANGUAGE_STANDARD = gnu11;
				GCC_DYNAMIC_NO_PIC = NO;
				GCC_NO_COMMON_BLOCKS = YES;
				GCC_OPTIMIZATION_LEVEL = 0;
				GCC_PREPROCESSOR_DEFINITIONS = (
					"DEBUG=1",
					"$(inherited)",
				);
				GCC_WARN_64_TO_32_BIT_CONVERSION = YES;
				GCC_WARN_ABOUT_RETURN_TYPE = YES_ERROR;
				GCC_WARN_UNDECLARED_SELECTOR = YES;
				GCC_WARN_UNINITIALIZED_AUTOS = YES_AGGRESSIVE;
				GCC_WARN_UNUSED_FUNCTION = YES;
				GCC_WARN_UNUSED_VARIABLE = YES;
				IPHONEOS_DEPLOYMENT_TARGET = 14.4;
				MTL_ENABLE_DEBUG_INFO = INCLUDE_SOURCE;
				MTL_FAST_MATH = YES;
				ONLY_ACTIVE_ARCH = YES;
				SDKROOT = iphoneos;
				SWIFT_ACTIVE_COMPILATION_CONDITIONS = DEBUG;
				SWIFT_OPTIMIZATION_LEVEL = "-Onone";
			};
			name = Debug;
		};
		202CC5CE2972F883003990A4 /* Release */ = {
			isa = XCBuildConfiguration;
			buildSettings = {
				ALWAYS_SEARCH_USER_PATHS = NO;
				CLANG_ANALYZER_NONNULL = YES;
				CLANG_ANALYZER_NUMBER_OBJECT_CONVERSION = YES_AGGRESSIVE;
				CLANG_CXX_LANGUAGE_STANDARD = "gnu++14";
				CLANG_CXX_LIBRARY = "libc++";
				CLANG_ENABLE_MODULES = YES;
				CLANG_ENABLE_OBJC_ARC = YES;
				CLANG_ENABLE_OBJC_WEAK = YES;
				CLANG_WARN_BLOCK_CAPTURE_AUTORELEASING = YES;
				CLANG_WARN_BOOL_CONVERSION = YES;
				CLANG_WARN_COMMA = YES;
				CLANG_WARN_CONSTANT_CONVERSION = YES;
				CLANG_WARN_DEPRECATED_OBJC_IMPLEMENTATIONS = YES;
				CLANG_WARN_DIRECT_OBJC_ISA_USAGE = YES_ERROR;
				CLANG_WARN_DOCUMENTATION_COMMENTS = YES;
				CLANG_WARN_EMPTY_BODY = YES;
				CLANG_WARN_ENUM_CONVERSION = YES;
				CLANG_WARN_INFINITE_RECURSION = YES;
				CLANG_WARN_INT_CONVERSION = YES;
				CLANG_WARN_NON_LITERAL_NULL_CONVERSION = YES;
				CLANG_WARN_OBJC_IMPLICIT_RETAIN_SELF = YES;
				CLANG_WARN_OBJC_LITERAL_CONVERSION = YES;
				CLANG_WARN_OBJC_ROOT_CLASS = YES_ERROR;
				CLANG_WARN_QUOTED_INCLUDE_IN_FRAMEWORK_HEADER = YES;
				CLANG_WARN_RANGE_LOOP_ANALYSIS = YES;
				CLANG_WARN_STRICT_PROTOTYPES = YES;
				CLANG_WARN_SUSPICIOUS_MOVE = YES;
				CLANG_WARN_UNGUARDED_AVAILABILITY = YES_AGGRESSIVE;
				CLANG_WARN_UNREACHABLE_CODE = YES;
				CLANG_WARN__DUPLICATE_METHOD_MATCH = YES;
				COPY_PHASE_STRIP = NO;
				DEBUG_INFORMATION_FORMAT = "dwarf-with-dsym";
				ENABLE_NS_ASSERTIONS = NO;
				ENABLE_STRICT_OBJC_MSGSEND = YES;
				GCC_C_LANGUAGE_STANDARD = gnu11;
				GCC_NO_COMMON_BLOCKS = YES;
				GCC_WARN_64_TO_32_BIT_CONVERSION = YES;
				GCC_WARN_ABOUT_RETURN_TYPE = YES_ERROR;
				GCC_WARN_UNDECLARED_SELECTOR = YES;
				GCC_WARN_UNINITIALIZED_AUTOS = YES_AGGRESSIVE;
				GCC_WARN_UNUSED_FUNCTION = YES;
				GCC_WARN_UNUSED_VARIABLE = YES;
				IPHONEOS_DEPLOYMENT_TARGET = 14.4;
				MTL_ENABLE_DEBUG_INFO = NO;
				MTL_FAST_MATH = YES;
				SDKROOT = iphoneos;
				SWIFT_COMPILATION_MODE = wholemodule;
				SWIFT_OPTIMIZATION_LEVEL = "-O";
				VALIDATE_PRODUCT = YES;
			};
			name = Release;
		};
		202CC5D02972F883003990A4 /* Debug */ = {
			isa = XCBuildConfiguration;
			buildSettings = {
				ASSETCATALOG_COMPILER_APPICON_NAME = AppIcon;
				ASSETCATALOG_COMPILER_GLOBAL_ACCENT_COLOR_NAME = AccentColor;
				CODE_SIGN_STYLE = Automatic;
				DEVELOPMENT_TEAM = UKJZQD9WU4;
				INFOPLIST_FILE = GameBox/App/Info.plist;
				LD_RUNPATH_SEARCH_PATHS = (
					"$(inherited)",
					"@executable_path/Frameworks",
				);
				PRODUCT_BUNDLE_IDENTIFIER = com.halilibrahimandic.GameBox;
				PRODUCT_NAME = "$(TARGET_NAME)";
				SWIFT_VERSION = 5.0;
				TARGETED_DEVICE_FAMILY = "1,2";
			};
			name = Debug;
		};
		202CC5D12972F883003990A4 /* Release */ = {
			isa = XCBuildConfiguration;
			buildSettings = {
				ASSETCATALOG_COMPILER_APPICON_NAME = AppIcon;
				ASSETCATALOG_COMPILER_GLOBAL_ACCENT_COLOR_NAME = AccentColor;
				CODE_SIGN_STYLE = Automatic;
				DEVELOPMENT_TEAM = UKJZQD9WU4;
				INFOPLIST_FILE = GameBox/App/Info.plist;
				LD_RUNPATH_SEARCH_PATHS = (
					"$(inherited)",
					"@executable_path/Frameworks",
				);
				PRODUCT_BUNDLE_IDENTIFIER = com.halilibrahimandic.GameBox;
				PRODUCT_NAME = "$(TARGET_NAME)";
				SWIFT_VERSION = 5.0;
				TARGETED_DEVICE_FAMILY = "1,2";
			};
			name = Release;
		};
/* End XCBuildConfiguration section */

/* Begin XCConfigurationList section */
		202CC5B32972F87D003990A4 /* Build configuration list for PBXProject "GameBox" */ = {
			isa = XCConfigurationList;
			buildConfigurations = (
				202CC5CD2972F883003990A4 /* Debug */,
				202CC5CE2972F883003990A4 /* Release */,
			);
			defaultConfigurationIsVisible = 0;
			defaultConfigurationName = Release;
		};
		202CC5CF2972F883003990A4 /* Build configuration list for PBXNativeTarget "GameBox" */ = {
			isa = XCConfigurationList;
			buildConfigurations = (
				202CC5D02972F883003990A4 /* Debug */,
				202CC5D12972F883003990A4 /* Release */,
			);
			defaultConfigurationIsVisible = 0;
			defaultConfigurationName = Release;
		};
/* End XCConfigurationList section */

/* Begin XCVersionGroup section */
		202CC5C42972F87D003990A4 /* GameBox.xcdatamodeld */ = {
			isa = XCVersionGroup;
			children = (
				202CC5C52972F87D003990A4 /* GameBox.xcdatamodel */,
			);
			currentVersion = 202CC5C52972F87D003990A4 /* GameBox.xcdatamodel */;
			path = GameBox.xcdatamodeld;
			sourceTree = "<group>";
			versionGroupType = wrapper.xcdatamodel;
		};
/* End XCVersionGroup section */
	};
	rootObject = 202CC5B02972F87D003990A4 /* Project object */;
}
